// !$*UTF8*$!
{
	archiveVersion = 1;
	classes = {
	};
	objectVersion = 56;
	objects = {

/* Begin PBXBuildFile section */
		2A3B315229562903003E3CB9 /* LifeApp.swift in Sources */ = {isa = PBXBuildFile; fileRef = 2A3B315129562903003E3CB9 /* LifeApp.swift */; };
		2A3B315429562903003E3CB9 /* ContentView.swift in Sources */ = {isa = PBXBuildFile; fileRef = 2A3B315329562903003E3CB9 /* ContentView.swift */; };
		2A3B315629562904003E3CB9 /* Assets.xcassets in Resources */ = {isa = PBXBuildFile; fileRef = 2A3B315529562904003E3CB9 /* Assets.xcassets */; };
		2A3B315929562904003E3CB9 /* Preview Assets.xcassets in Resources */ = {isa = PBXBuildFile; fileRef = 2A3B315829562904003E3CB9 /* Preview Assets.xcassets */; };
		2A3B316329562904003E3CB9 /* LifeTests.swift in Sources */ = {isa = PBXBuildFile; fileRef = 2A3B316229562904003E3CB9 /* LifeTests.swift */; };
		2A3B316D29562904003E3CB9 /* LifeUITests.swift in Sources */ = {isa = PBXBuildFile; fileRef = 2A3B316C29562904003E3CB9 /* LifeUITests.swift */; };
		2A3B316F29562904003E3CB9 /* LifeUITestsLaunchTests.swift in Sources */ = {isa = PBXBuildFile; fileRef = 2A3B316E29562904003E3CB9 /* LifeUITestsLaunchTests.swift */; };
/* End PBXBuildFile section */

/* Begin PBXContainerItemProxy section */
		2A3B315F29562904003E3CB9 /* PBXContainerItemProxy */ = {
			isa = PBXContainerItemProxy;
			containerPortal = 2A3B314629562903003E3CB9 /* Project object */;
			proxyType = 1;
			remoteGlobalIDString = 2A3B314D29562903003E3CB9;
			remoteInfo = Life;
		};
		2A3B316929562904003E3CB9 /* PBXContainerItemProxy */ = {
			isa = PBXContainerItemProxy;
			containerPortal = 2A3B314629562903003E3CB9 /* Project object */;
			proxyType = 1;
			remoteGlobalIDString = 2A3B314D29562903003E3CB9;
			remoteInfo = Life;
		};
/* End PBXContainerItemProxy section */

/* Begin PBXFileReference section */
		2A3B314E29562903003E3CB9 /* Life.app */ = {isa = PBXFileReference; explicitFileType = wrapper.application; includeInIndex = 0; path = Life.app; sourceTree = BUILT_PRODUCTS_DIR; };
		2A3B315129562903003E3CB9 /* LifeApp.swift */ = {isa = PBXFileReference; lastKnownFileType = sourcecode.swift; path = LifeApp.swift; sourceTree = "<group>"; };
		2A3B315329562903003E3CB9 /* ContentView.swift */ = {isa = PBXFileReference; lastKnownFileType = sourcecode.swift; path = ContentView.swift; sourceTree = "<group>"; };
		2A3B315529562904003E3CB9 /* Assets.xcassets */ = {isa = PBXFileReference; lastKnownFileType = folder.assetcatalog; path = Assets.xcassets; sourceTree = "<group>"; };
		2A3B315829562904003E3CB9 /* Preview Assets.xcassets */ = {isa = PBXFileReference; lastKnownFileType = folder.assetcatalog; path = "Preview Assets.xcassets"; sourceTree = "<group>"; };
		2A3B315E29562904003E3CB9 /* LifeTests.xctest */ = {isa = PBXFileReference; explicitFileType = wrapper.cfbundle; includeInIndex = 0; path = LifeTests.xctest; sourceTree = BUILT_PRODUCTS_DIR; };
		2A3B316229562904003E3CB9 /* LifeTests.swift */ = {isa = PBXFileReference; lastKnownFileType = sourcecode.swift; path = LifeTests.swift; sourceTree = "<group>"; };
		2A3B316829562904003E3CB9 /* LifeUITests.xctest */ = {isa = PBXFileReference; explicitFileType = wrapper.cfbundle; includeInIndex = 0; path = LifeUITests.xctest; sourceTree = BUILT_PRODUCTS_DIR; };
		2A3B316C29562904003E3CB9 /* LifeUITests.swift */ = {isa = PBXFileReference; lastKnownFileType = sourcecode.swift; path = LifeUITests.swift; sourceTree = "<group>"; };
		2A3B316E29562904003E3CB9 /* LifeUITestsLaunchTests.swift */ = {isa = PBXFileReference; lastKnownFileType = sourcecode.swift; path = LifeUITestsLaunchTests.swift; sourceTree = "<group>"; };
/* End PBXFileReference section */

/* Begin PBXFrameworksBuildPhase section */
		2A3B314B29562903003E3CB9 /* Frameworks */ = {
			isa = PBXFrameworksBuildPhase;
			buildActionMask = 2147483647;
			files = (
			);
			runOnlyForDeploymentPostprocessing = 0;
		};
		2A3B315B29562904003E3CB9 /* Frameworks */ = {
			isa = PBXFrameworksBuildPhase;
			buildActionMask = 2147483647;
			files = (
			);
			runOnlyForDeploymentPostprocessing = 0;
		};
		2A3B316529562904003E3CB9 /* Frameworks */ = {
			isa = PBXFrameworksBuildPhase;
			buildActionMask = 2147483647;
			files = (
			);
			runOnlyForDeploymentPostprocessing = 0;
		};
/* End PBXFrameworksBuildPhase section */

/* Begin PBXGroup section */
		2A3B314529562903003E3CB9 = {
			isa = PBXGroup;
			children = (
				2A3B315029562903003E3CB9 /* Life */,
				2A3B316129562904003E3CB9 /* LifeTests */,
				2A3B316B29562904003E3CB9 /* LifeUITests */,
				2A3B314F29562903003E3CB9 /* Products */,
			);
			sourceTree = "<group>";
		};
		2A3B314F29562903003E3CB9 /* Products */ = {
			isa = PBXGroup;
			children = (
				2A3B314E29562903003E3CB9 /* Life.app */,
				2A3B315E29562904003E3CB9 /* LifeTests.xctest */,
				2A3B316829562904003E3CB9 /* LifeUITests.xctest */,
			);
			name = Products;
			sourceTree = "<group>";
		};
		2A3B315029562903003E3CB9 /* Life */ = {
			isa = PBXGroup;
			children = (
				2A3B315129562903003E3CB9 /* LifeApp.swift */,
				2A3B315329562903003E3CB9 /* ContentView.swift */,
				2A3B315529562904003E3CB9 /* Assets.xcassets */,
				2A3B315729562904003E3CB9 /* Preview Content */,
			);
			path = Life;
			sourceTree = "<group>";
		};
		2A3B315729562904003E3CB9 /* Preview Content */ = {
			isa = PBXGroup;
			children = (
				2A3B315829562904003E3CB9 /* Preview Assets.xcassets */,
			);
			path = "Preview Content";
			sourceTree = "<group>";
		};
		2A3B316129562904003E3CB9 /* LifeTests */ = {
			isa = PBXGroup;
			children = (
				2A3B316229562904003E3CB9 /* LifeTests.swift */,
			);
			path = LifeTests;
			sourceTree = "<group>";
		};
		2A3B316B29562904003E3CB9 /* LifeUITests */ = {
			isa = PBXGroup;
			children = (
				2A3B316C29562904003E3CB9 /* LifeUITests.swift */,
				2A3B316E29562904003E3CB9 /* LifeUITestsLaunchTests.swift */,
			);
			path = LifeUITests;
			sourceTree = "<group>";
		};
/* End PBXGroup section */

/* Begin PBXNativeTarget section */
		2A3B314D29562903003E3CB9 /* Life */ = {
			isa = PBXNativeTarget;
			buildConfigurationList = 2A3B317229562904003E3CB9 /* Build configuration list for PBXNativeTarget "Life" */;
			buildPhases = (
				2A3B314A29562903003E3CB9 /* Sources */,
				2A3B314B29562903003E3CB9 /* Frameworks */,
				2A3B314C29562903003E3CB9 /* Resources */,
			);
			buildRules = (
			);
			dependencies = (
			);
			name = Life;
			productName = Life;
			productReference = 2A3B314E29562903003E3CB9 /* Life.app */;
			productType = "com.apple.product-type.application";
		};
		2A3B315D29562904003E3CB9 /* LifeTests */ = {
			isa = PBXNativeTarget;
			buildConfigurationList = 2A3B317529562904003E3CB9 /* Build configuration list for PBXNativeTarget "LifeTests" */;
			buildPhases = (
				2A3B315A29562904003E3CB9 /* Sources */,
				2A3B315B29562904003E3CB9 /* Frameworks */,
				2A3B315C29562904003E3CB9 /* Resources */,
			);
			buildRules = (
			);
			dependencies = (
				2A3B316029562904003E3CB9 /* PBXTargetDependency */,
			);
			name = LifeTests;
			productName = LifeTests;
			productReference = 2A3B315E29562904003E3CB9 /* LifeTests.xctest */;
			productType = "com.apple.product-type.bundle.unit-test";
		};
		2A3B316729562904003E3CB9 /* LifeUITests */ = {
			isa = PBXNativeTarget;
			buildConfigurationList = 2A3B317829562904003E3CB9 /* Build configuration list for PBXNativeTarget "LifeUITests" */;
			buildPhases = (
				2A3B316429562904003E3CB9 /* Sources */,
				2A3B316529562904003E3CB9 /* Frameworks */,
				2A3B316629562904003E3CB9 /* Resources */,
			);
			buildRules = (
			);
			dependencies = (
				2A3B316A29562904003E3CB9 /* PBXTargetDependency */,
			);
			name = LifeUITests;
			productName = LifeUITests;
			productReference = 2A3B316829562904003E3CB9 /* LifeUITests.xctest */;
			productType = "com.apple.product-type.bundle.ui-testing";
		};
/* End PBXNativeTarget section */

/* Begin PBXProject section */
		2A3B314629562903003E3CB9 /* Project object */ = {
			isa = PBXProject;
			attributes = {
				BuildIndependentTargetsInParallel = 1;
				LastSwiftUpdateCheck = 1400;
				LastUpgradeCheck = 1400;
				TargetAttributes = {
					2A3B314D29562903003E3CB9 = {
						CreatedOnToolsVersion = 14.0.1;
					};
					2A3B315D29562904003E3CB9 = {
						CreatedOnToolsVersion = 14.0.1;
						TestTargetID = 2A3B314D29562903003E3CB9;
					};
					2A3B316729562904003E3CB9 = {
						CreatedOnToolsVersion = 14.0.1;
						TestTargetID = 2A3B314D29562903003E3CB9;
					};
				};
			};
			buildConfigurationList = 2A3B314929562903003E3CB9 /* Build configuration list for PBXProject "Life" */;
			compatibilityVersion = "Xcode 14.0";
			developmentRegion = en;
			hasScannedForEncodings = 0;
			knownRegions = (
				en,
				Base,
			);
			mainGroup = 2A3B314529562903003E3CB9;
			productRefGroup = 2A3B314F29562903003E3CB9 /* Products */;
			projectDirPath = "";
			projectRoot = "";
			targets = (
				2A3B314D29562903003E3CB9 /* Life */,
				2A3B315D29562904003E3CB9 /* LifeTests */,
				2A3B316729562904003E3CB9 /* LifeUITests */,
			);
		};
/* End PBXProject section */

/* Begin PBXResourcesBuildPhase section */
		2A3B314C29562903003E3CB9 /* Resources */ = {
			isa = PBXResourcesBuildPhase;
			buildActionMask = 2147483647;
			files = (
				2A3B315929562904003E3CB9 /* Preview Assets.xcassets in Resources */,
				2A3B315629562904003E3CB9 /* Assets.xcassets in Resources */,
			);
			runOnlyForDeploymentPostprocessing = 0;
		};
		2A3B315C29562904003E3CB9 /* Resources */ = {
			isa = PBXResourcesBuildPhase;
			buildActionMask = 2147483647;
			files = (
			);
			runOnlyForDeploymentPostprocessing = 0;
		};
		2A3B316629562904003E3CB9 /* Resources */ = {
			isa = PBXResourcesBuildPhase;
			buildActionMask = 2147483647;
			files = (
			);
			runOnlyForDeploymentPostprocessing = 0;
		};
/* End PBXResourcesBuildPhase section */

/* Begin PBXSourcesBuildPhase section */
		2A3B314A29562903003E3CB9 /* Sources */ = {
			isa = PBXSourcesBuildPhase;
			buildActionMask = 2147483647;
			files = (
				2A3B315429562903003E3CB9 /* ContentView.swift in Sources */,
				2A3B315229562903003E3CB9 /* LifeApp.swift in Sources */,
			);
			runOnlyForDeploymentPostprocessing = 0;
		};
		2A3B315A29562904003E3CB9 /* Sources */ = {
			isa = PBXSourcesBuildPhase;
			buildActionMask = 2147483647;
			files = (
				2A3B316329562904003E3CB9 /* LifeTests.swift in Sources */,
			);
			runOnlyForDeploymentPostprocessing = 0;
		};
		2A3B316429562904003E3CB9 /* Sources */ = {
			isa = PBXSourcesBuildPhase;
			buildActionMask = 2147483647;
			files = (
				2A3B316F29562904003E3CB9 /* LifeUITestsLaunchTests.swift in Sources */,
				2A3B316D29562904003E3CB9 /* LifeUITests.swift in Sources */,
			);
			runOnlyForDeploymentPostprocessing = 0;
		};
/* End PBXSourcesBuildPhase section */

/* Begin PBXTargetDependency section */
		2A3B316029562904003E3CB9 /* PBXTargetDependency */ = {
			isa = PBXTargetDependency;
			target = 2A3B314D29562903003E3CB9 /* Life */;
			targetProxy = 2A3B315F29562904003E3CB9 /* PBXContainerItemProxy */;
		};
		2A3B316A29562904003E3CB9 /* PBXTargetDependency */ = {
			isa = PBXTargetDependency;
			target = 2A3B314D29562903003E3CB9 /* Life */;
			targetProxy = 2A3B316929562904003E3CB9 /* PBXContainerItemProxy */;
		};
/* End PBXTargetDependency section */

/* Begin XCBuildConfiguration section */
		2A3B317029562904003E3CB9 /* Debug */ = {
			isa = XCBuildConfiguration;
			buildSettings = {
				ALWAYS_SEARCH_USER_PATHS = NO;
				CLANG_ANALYZER_NONNULL = YES;
				CLANG_ANALYZER_NUMBER_OBJECT_CONVERSION = YES_AGGRESSIVE;
				CLANG_CXX_LANGUAGE_STANDARD = "gnu++20";
				CLANG_ENABLE_MODULES = YES;
				CLANG_ENABLE_OBJC_ARC = YES;
				CLANG_ENABLE_OBJC_WEAK = YES;
				CLANG_WARN_BLOCK_CAPTURE_AUTORELEASING = YES;
				CLANG_WARN_BOOL_CONVERSION = YES;
				CLANG_WARN_COMMA = YES;
				CLANG_WARN_CONSTANT_CONVERSION = YES;
				CLANG_WARN_DEPRECATED_OBJC_IMPLEMENTATIONS = YES;
				CLANG_WARN_DIRECT_OBJC_ISA_USAGE = YES_ERROR;
				CLANG_WARN_DOCUMENTATION_COMMENTS = YES;
				CLANG_WARN_EMPTY_BODY = YES;
				CLANG_WARN_ENUM_CONVERSION = YES;
				CLANG_WARN_INFINITE_RECURSION = YES;
				CLANG_WARN_INT_CONVERSION = YES;
				CLANG_WARN_NON_LITERAL_NULL_CONVERSION = YES;
				CLANG_WARN_OBJC_IMPLICIT_RETAIN_SELF = YES;
				CLANG_WARN_OBJC_LITERAL_CONVERSION = YES;
				CLANG_WARN_OBJC_ROOT_CLASS = YES_ERROR;
				CLANG_WARN_QUOTED_INCLUDE_IN_FRAMEWORK_HEADER = YES;
				CLANG_WARN_RANGE_LOOP_ANALYSIS = YES;
				CLANG_WARN_STRICT_PROTOTYPES = YES;
				CLANG_WARN_SUSPICIOUS_MOVE = YES;
				CLANG_WARN_UNGUARDED_AVAILABILITY = YES_AGGRESSIVE;
				CLANG_WARN_UNREACHABLE_CODE = YES;
				CLANG_WARN__DUPLICATE_METHOD_MATCH = YES;
				COPY_PHASE_STRIP = NO;
				DEBUG_INFORMATION_FORMAT = dwarf;
				ENABLE_STRICT_OBJC_MSGSEND = YES;
				ENABLE_TESTABILITY = YES;
				GCC_C_LANGUAGE_STANDARD = gnu11;
				GCC_DYNAMIC_NO_PIC = NO;
				GCC_NO_COMMON_BLOCKS = YES;
				GCC_OPTIMIZATION_LEVEL = 0;
				GCC_PREPROCESSOR_DEFINITIONS = (
					"DEBUG=1",
					"$(inherited)",
				);
				GCC_WARN_64_TO_32_BIT_CONVERSION = YES;
				GCC_WARN_ABOUT_RETURN_TYPE = YES_ERROR;
				GCC_WARN_UNDECLARED_SELECTOR = YES;
				GCC_WARN_UNINITIALIZED_AUTOS = YES_AGGRESSIVE;
				GCC_WARN_UNUSED_FUNCTION = YES;
				GCC_WARN_UNUSED_VARIABLE = YES;
				IPHONEOS_DEPLOYMENT_TARGET = 16.0;
				MTL_ENABLE_DEBUG_INFO = INCLUDE_SOURCE;
				MTL_FAST_MATH = YES;
				ONLY_ACTIVE_ARCH = YES;
				SDKROOT = iphoneos;
				SWIFT_ACTIVE_COMPILATION_CONDITIONS = DEBUG;
				SWIFT_OPTIMIZATION_LEVEL = "-Onone";
			};
			name = Debug;
		};
		2A3B317129562904003E3CB9 /* Release */ = {
			isa = XCBuildConfiguration;
			buildSettings = {
				ALWAYS_SEARCH_USER_PATHS = NO;
				CLANG_ANALYZER_NONNULL = YES;
				CLANG_ANALYZER_NUMBER_OBJECT_CONVERSION = YES_AGGRESSIVE;
				CLANG_CXX_LANGUAGE_STANDARD = "gnu++20";
				CLANG_ENABLE_MODULES = YES;
				CLANG_ENABLE_OBJC_ARC = YES;
				CLANG_ENABLE_OBJC_WEAK = YES;
				CLANG_WARN_BLOCK_CAPTURE_AUTORELEASING = YES;
				CLANG_WARN_BOOL_CONVERSION = YES;
				CLANG_WARN_COMMA = YES;
				CLANG_WARN_CONSTANT_CONVERSION = YES;
				CLANG_WARN_DEPRECATED_OBJC_IMPLEMENTATIONS = YES;
				CLANG_WARN_DIRECT_OBJC_ISA_USAGE = YES_ERROR;
				CLANG_WARN_DOCUMENTATION_COMMENTS = YES;
				CLANG_WARN_EMPTY_BODY = YES;
				CLANG_WARN_ENUM_CONVERSION = YES;
				CLANG_WARN_INFINITE_RECURSION = YES;
				CLANG_WARN_INT_CONVERSION = YES;
				CLANG_WARN_NON_LITERAL_NULL_CONVERSION = YES;
				CLANG_WARN_OBJC_IMPLICIT_RETAIN_SELF = YES;
				CLANG_WARN_OBJC_LITERAL_CONVERSION = YES;
				CLANG_WARN_OBJC_ROOT_CLASS = YES_ERROR;
				CLANG_WARN_QUOTED_INCLUDE_IN_FRAMEWORK_HEADER = YES;
				CLANG_WARN_RANGE_LOOP_ANALYSIS = YES;
				CLANG_WARN_STRICT_PROTOTYPES = YES;
				CLANG_WARN_SUSPICIOUS_MOVE = YES;
				CLANG_WARN_UNGUARDED_AVAILABILITY = YES_AGGRESSIVE;
				CLANG_WARN_UNREACHABLE_CODE = YES;
				CLANG_WARN__DUPLICATE_METHOD_MATCH = YES;
				COPY_PHASE_STRIP = NO;
				DEBUG_INFORMATION_FORMAT = "dwarf-with-dsym";
				ENABLE_NS_ASSERTIONS = NO;
				ENABLE_STRICT_OBJC_MSGSEND = YES;
				GCC_C_LANGUAGE_STANDARD = gnu11;
				GCC_NO_COMMON_BLOCKS = YES;
				GCC_WARN_64_TO_32_BIT_CONVERSION = YES;
				GCC_WARN_ABOUT_RETURN_TYPE = YES_ERROR;
				GCC_WARN_UNDECLARED_SELECTOR = YES;
				GCC_WARN_UNINITIALIZED_AUTOS = YES_AGGRESSIVE;
				GCC_WARN_UNUSED_FUNCTION = YES;
				GCC_WARN_UNUSED_VARIABLE = YES;
				IPHONEOS_DEPLOYMENT_TARGET = 16.0;
				MTL_ENABLE_DEBUG_INFO = NO;
				MTL_FAST_MATH = YES;
				SDKROOT = iphoneos;
				SWIFT_COMPILATION_MODE = wholemodule;
				SWIFT_OPTIMIZATION_LEVEL = "-O";
				VALIDATE_PRODUCT = YES;
			};
			name = Release;
		};
		2A3B317329562904003E3CB9 /* Debug */ = {
			isa = XCBuildConfiguration;
			buildSettings = {
				ASSETCATALOG_COMPILER_APPICON_NAME = AppIcon;
				ASSETCATALOG_COMPILER_GLOBAL_ACCENT_COLOR_NAME = AccentColor;
				CODE_SIGN_STYLE = Automatic;
				CURRENT_PROJECT_VERSION = 1;
				DEVELOPMENT_ASSET_PATHS = "\"Life/Preview Content\"";
				ENABLE_PREVIEWS = YES;
				GENERATE_INFOPLIST_FILE = YES;
				INFOPLIST_KEY_UIApplicationSceneManifest_Generation = YES;
				INFOPLIST_KEY_UIApplicationSupportsIndirectInputEvents = YES;
				INFOPLIST_KEY_UILaunchScreen_Generation = YES;
				INFOPLIST_KEY_UISupportedInterfaceOrientations_iPad = "UIInterfaceOrientationPortrait UIInterfaceOrientationPortraitUpsideDown UIInterfaceOrientationLandscapeLeft UIInterfaceOrientationLandscapeRight";
				INFOPLIST_KEY_UISupportedInterfaceOrientations_iPhone = "UIInterfaceOrientationPortrait UIInterfaceOrientationLandscapeLeft UIInterfaceOrientationLandscapeRight";
				LD_RUNPATH_SEARCH_PATHS = (
					"$(inherited)",
					"@executable_path/Frameworks",
				);
				MARKETING_VERSION = 1.0;
				PRODUCT_BUNDLE_IDENTIFIER = crystal.Life;
				PRODUCT_NAME = "$(TARGET_NAME)";
				SWIFT_EMIT_LOC_STRINGS = YES;
				SWIFT_VERSION = 5.0;
				TARGETED_DEVICE_FAMILY = "1,2";
			};
			name = Debug;
		};
		2A3B317429562904003E3CB9 /* Release */ = {
			isa = XCBuildConfiguration;
			buildSettings = {
				ASSETCATALOG_COMPILER_APPICON_NAME = AppIcon;
				ASSETCATALOG_COMPILER_GLOBAL_ACCENT_COLOR_NAME = AccentColor;
				CODE_SIGN_STYLE = Automatic;
				CURRENT_PROJECT_VERSION = 1;
				DEVELOPMENT_ASSET_PATHS = "\"Life/Preview Content\"";
				ENABLE_PREVIEWS = YES;
				GENERATE_INFOPLIST_FILE = YES;
				INFOPLIST_KEY_UIApplicationSceneManifest_Generation = YES;
				INFOPLIST_KEY_UIApplicationSupportsIndirectInputEvents = YES;
				INFOPLIST_KEY_UILaunchScreen_Generation = YES;
				INFOPLIST_KEY_UISupportedInterfaceOrientations_iPad = "UIInterfaceOrientationPortrait UIInterfaceOrientationPortraitUpsideDown UIInterfaceOrientationLandscapeLeft UIInterfaceOrientationLandscapeRight";
				INFOPLIST_KEY_UISupportedInterfaceOrientations_iPhone = "UIInterfaceOrientationPortrait UIInterfaceOrientationLandscapeLeft UIInterfaceOrientationLandscapeRight";
				LD_RUNPATH_SEARCH_PATHS = (
					"$(inherited)",
					"@executable_path/Frameworks",
				);
				MARKETING_VERSION = 1.0;
				PRODUCT_BUNDLE_IDENTIFIER = crystal.Life;
				PRODUCT_NAME = "$(TARGET_NAME)";
				SWIFT_EMIT_LOC_STRINGS = YES;
				SWIFT_VERSION = 5.0;
				TARGETED_DEVICE_FAMILY = "1,2";
			};
			name = Release;
		};
		2A3B317629562904003E3CB9 /* Debug */ = {
			isa = XCBuildConfiguration;
			buildSettings = {
				ALWAYS_EMBED_SWIFT_STANDARD_LIBRARIES = YES;
				BUNDLE_LOADER = "$(TEST_HOST)";
				CODE_SIGN_STYLE = Automatic;
				CURRENT_PROJECT_VERSION = 1;
				GENERATE_INFOPLIST_FILE = YES;
				IPHONEOS_DEPLOYMENT_TARGET = 16.0;
				MARKETING_VERSION = 1.0;
				PRODUCT_BUNDLE_IDENTIFIER = crystal.LifeTests;
				PRODUCT_NAME = "$(TARGET_NAME)";
				SWIFT_EMIT_LOC_STRINGS = NO;
				SWIFT_VERSION = 5.0;
				TARGETED_DEVICE_FAMILY = "1,2";
				TEST_HOST = "$(BUILT_PRODUCTS_DIR)/Life.app/$(BUNDLE_EXECUTABLE_FOLDER_PATH)/Life";
			};
			name = Debug;
		};
		2A3B317729562904003E3CB9 /* Release */ = {
			isa = XCBuildConfiguration;
			buildSettings = {
				ALWAYS_EMBED_SWIFT_STANDARD_LIBRARIES = YES;
				BUNDLE_LOADER = "$(TEST_HOST)";
				CODE_SIGN_STYLE = Automatic;
				CURRENT_PROJECT_VERSION = 1;
				GENERATE_INFOPLIST_FILE = YES;
				IPHONEOS_DEPLOYMENT_TARGET = 16.0;
				MARKETING_VERSION = 1.0;
				PRODUCT_BUNDLE_IDENTIFIER = crystal.LifeTests;
				PRODUCT_NAME = "$(TARGET_NAME)";
				SWIFT_EMIT_LOC_STRINGS = NO;
				SWIFT_VERSION = 5.0;
				TARGETED_DEVICE_FAMILY = "1,2";
				TEST_HOST = "$(BUILT_PRODUCTS_DIR)/Life.app/$(BUNDLE_EXECUTABLE_FOLDER_PATH)/Life";
			};
			name = Release;
		};
		2A3B317929562904003E3CB9 /* Debug */ = {
			isa = XCBuildConfiguration;
			buildSettings = {
				ALWAYS_EMBED_SWIFT_STANDARD_LIBRARIES = YES;
				CODE_SIGN_STYLE = Automatic;
				CURRENT_PROJECT_VERSION = 1;
				GENERATE_INFOPLIST_FILE = YES;
				MARKETING_VERSION = 1.0;
				PRODUCT_BUNDLE_IDENTIFIER = crystal.LifeUITests;
				PRODUCT_NAME = "$(TARGET_NAME)";
				SWIFT_EMIT_LOC_STRINGS = NO;
				SWIFT_VERSION = 5.0;
				TARGETED_DEVICE_FAMILY = "1,2";
				TEST_TARGET_NAME = Life;
			};
			name = Debug;
		};
		2A3B317A29562904003E3CB9 /* Release */ = {
			isa = XCBuildConfiguration;
			buildSettings = {
				ALWAYS_EMBED_SWIFT_STANDARD_LIBRARIES = YES;
				CODE_SIGN_STYLE = Automatic;
				CURRENT_PROJECT_VERSION = 1;
				GENERATE_INFOPLIST_FILE = YES;
				MARKETING_VERSION = 1.0;
				PRODUCT_BUNDLE_IDENTIFIER = crystal.LifeUITests;
				PRODUCT_NAME = "$(TARGET_NAME)";
				SWIFT_EMIT_LOC_STRINGS = NO;
				SWIFT_VERSION = 5.0;
				TARGETED_DEVICE_FAMILY = "1,2";
				TEST_TARGET_NAME = Life;
			};
			name = Release;
		};
/* End XCBuildConfiguration section */

/* Begin XCConfigurationList section */
		2A3B314929562903003E3CB9 /* Build configuration list for PBXProject "Life" */ = {
			isa = XCConfigurationList;
			buildConfigurations = (
				2A3B317029562904003E3CB9 /* Debug */,
				2A3B317129562904003E3CB9 /* Release */,
			);
			defaultConfigurationIsVisible = 0;
			defaultConfigurationName = Release;
		};
		2A3B317229562904003E3CB9 /* Build configuration list for PBXNativeTarget "Life" */ = {
			isa = XCConfigurationList;
			buildConfigurations = (
				2A3B317329562904003E3CB9 /* Debug */,
				2A3B317429562904003E3CB9 /* Release */,
			);
			defaultConfigurationIsVisible = 0;
			defaultConfigurationName = Release;
		};
		2A3B317529562904003E3CB9 /* Build configuration list for PBXNativeTarget "LifeTests" */ = {
			isa = XCConfigurationList;
			buildConfigurations = (
				2A3B317629562904003E3CB9 /* Debug */,
				2A3B317729562904003E3CB9 /* Release */,
			);
			defaultConfigurationIsVisible = 0;
			defaultConfigurationName = Release;
		};
		2A3B317829562904003E3CB9 /* Build configuration list for PBXNativeTarget "LifeUITests" */ = {
			isa = XCConfigurationList;
			buildConfigurations = (
				2A3B317929562904003E3CB9 /* Debug */,
				2A3B317A29562904003E3CB9 /* Release */,
			);
			defaultConfigurationIsVisible = 0;
			defaultConfigurationName = Release;
		};
/* End XCConfigurationList section */
	};
	rootObject = 2A3B314629562903003E3CB9 /* Project object */;
}
