// !$*UTF8*$!
{
	archiveVersion = 1;
	classes = {
	};
	objectVersion = 56;
	objects = {

/* Begin PBXBuildFile section */
		2A051A4B29612BA900FF694D /* character.png in Resources */ = {isa = PBXBuildFile; fileRef = 2A051A4A29612BA900FF694D /* character.png */; };
		2A051A4D29612FA600FF694D /* Achievement.swift in Sources */ = {isa = PBXBuildFile; fileRef = 2A051A4C29612FA600FF694D /* Achievement.swift */; };
		2A051A4F296130B600FF694D /* Item.swift in Sources */ = {isa = PBXBuildFile; fileRef = 2A051A4E296130B600FF694D /* Item.swift */; };
		2A094CCF2A0BA6D800E052F6 /* MembershipsView.swift in Sources */ = {isa = PBXBuildFile; fileRef = 2A094CCE2A0BA6D800E052F6 /* MembershipsView.swift */; };
		2A0ACA2D2959426F003576C5 /* InventoryView.swift in Sources */ = {isa = PBXBuildFile; fileRef = 2A0ACA2C2959426F003576C5 /* InventoryView.swift */; };
		2A210FE72A2DE7BB00D2DF7B /* MissionTree.swift in Sources */ = {isa = PBXBuildFile; fileRef = 2A210FE62A2DE7BB00D2DF7B /* MissionTree.swift */; };
		2A210FE92A2DEEA700D2DF7B /* Dependant.swift in Sources */ = {isa = PBXBuildFile; fileRef = 2A210FE82A2DEEA700D2DF7B /* Dependant.swift */; };
		2A2EB9C92A21E29B00AC9D65 /* CheckPointView.swift in Sources */ = {isa = PBXBuildFile; fileRef = 2A2EB9C82A21E29B00AC9D65 /* CheckPointView.swift */; };
		2A2EB9CB2A21E62F00AC9D65 /* AppDelegate.swift in Sources */ = {isa = PBXBuildFile; fileRef = 2A2EB9CA2A21E62F00AC9D65 /* AppDelegate.swift */; };
		2A2EB9CD2A21E6B800AC9D65 /* CoreDataStack.swift in Sources */ = {isa = PBXBuildFile; fileRef = 2A2EB9CC2A21E6B800AC9D65 /* CoreDataStack.swift */; };
		2A3B315229562903003E3CB9 /* LifeApp.swift in Sources */ = {isa = PBXBuildFile; fileRef = 2A3B315129562903003E3CB9 /* LifeApp.swift */; };
		2A3B315429562903003E3CB9 /* PlayerView.swift in Sources */ = {isa = PBXBuildFile; fileRef = 2A3B315329562903003E3CB9 /* PlayerView.swift */; };
		2A3B315629562904003E3CB9 /* Assets.xcassets in Resources */ = {isa = PBXBuildFile; fileRef = 2A3B315529562904003E3CB9 /* Assets.xcassets */; };
		2A3B315929562904003E3CB9 /* Preview Assets.xcassets in Resources */ = {isa = PBXBuildFile; fileRef = 2A3B315829562904003E3CB9 /* Preview Assets.xcassets */; };
		2A3B316329562904003E3CB9 /* LifeTests.swift in Sources */ = {isa = PBXBuildFile; fileRef = 2A3B316229562904003E3CB9 /* LifeTests.swift */; };
		2A3B316D29562904003E3CB9 /* LifeUITests.swift in Sources */ = {isa = PBXBuildFile; fileRef = 2A3B316C29562904003E3CB9 /* LifeUITests.swift */; };
		2A3B316F29562904003E3CB9 /* LifeUITestsLaunchTests.swift in Sources */ = {isa = PBXBuildFile; fileRef = 2A3B316E29562904003E3CB9 /* LifeUITestsLaunchTests.swift */; };
		2A3CA3412A0A3C69009DCAE5 /* ListDetailViewController.swift in Sources */ = {isa = PBXBuildFile; fileRef = 2A3CA33D2A0A3C69009DCAE5 /* ListDetailViewController.swift */; };
		2A3CA3422A0A3C69009DCAE5 /* IconPickerViewController.swift in Sources */ = {isa = PBXBuildFile; fileRef = 2A3CA33E2A0A3C69009DCAE5 /* IconPickerViewController.swift */; };
		2A3CA3432A0A3C69009DCAE5 /* ItemDetailViewController.swift in Sources */ = {isa = PBXBuildFile; fileRef = 2A3CA33F2A0A3C69009DCAE5 /* ItemDetailViewController.swift */; };
		2A3CA3442A0A3C69009DCAE5 /* ChecklistViewController.swift in Sources */ = {isa = PBXBuildFile; fileRef = 2A3CA3402A0A3C69009DCAE5 /* ChecklistViewController.swift */; };
		2A3CA3492A0A3C7C009DCAE5 /* Checklist.swift in Sources */ = {isa = PBXBuildFile; fileRef = 2A3CA3462A0A3C7C009DCAE5 /* Checklist.swift */; };
		2A3CA34A2A0A3C7C009DCAE5 /* DataModel.swift in Sources */ = {isa = PBXBuildFile; fileRef = 2A3CA3472A0A3C7C009DCAE5 /* DataModel.swift */; };
		2A3CA34B2A0A3C7C009DCAE5 /* ChecklistItem.swift in Sources */ = {isa = PBXBuildFile; fileRef = 2A3CA3482A0A3C7C009DCAE5 /* ChecklistItem.swift */; };
		2A3D3C222A0F4C4300E0637D /* CheckListView.swift in Sources */ = {isa = PBXBuildFile; fileRef = 2A3D3C1D2A0F4C4300E0637D /* CheckListView.swift */; };
		2A3D3C232A0F4C4300E0637D /* CheckListItem.swift in Sources */ = {isa = PBXBuildFile; fileRef = 2A3D3C1F2A0F4C4300E0637D /* CheckListItem.swift */; };
		2A3D3C242A0F4C4300E0637D /* CheckListData.swift in Sources */ = {isa = PBXBuildFile; fileRef = 2A3D3C202A0F4C4300E0637D /* CheckListData.swift */; };
		2A3D3C252A0F4C4300E0637D /* CheckView.swift in Sources */ = {isa = PBXBuildFile; fileRef = 2A3D3C212A0F4C4300E0637D /* CheckView.swift */; };
		2A4157962A0B60A3007B516C /* person.obj in Resources */ = {isa = PBXBuildFile; fileRef = 2A4157952A0B60A3007B516C /* person.obj */; };
		2A4157982A0B6A98007B516C /* CharacterViewController.swift in Sources */ = {isa = PBXBuildFile; fileRef = 2A4157972A0B6A98007B516C /* CharacterViewController.swift */; };
		2A41579A2A0B6AF1007B516C /* CharacterView.swift in Sources */ = {isa = PBXBuildFile; fileRef = 2A4157992A0B6AF1007B516C /* CharacterView.swift */; };
		2A428ABD2964B40C00E0D1B3 /* ItemView.swift in Sources */ = {isa = PBXBuildFile; fileRef = 2A428ABC2964B40C00E0D1B3 /* ItemView.swift */; };
		2A530475295FD55E00613B21 /* JamesBond.png in Resources */ = {isa = PBXBuildFile; fileRef = 2A530474295FD55E00613B21 /* JamesBond.png */; };
		2A6F3BD42A2AC60800783656 /* DataController.swift in Sources */ = {isa = PBXBuildFile; fileRef = 2A6F3BD32A2AC60800783656 /* DataController.swift */; };
		2A6F3BDA2A2AC8CC00783656 /* Life.xcdatamodeld in Sources */ = {isa = PBXBuildFile; fileRef = 2A6F3BD82A2AC8CC00783656 /* Life.xcdatamodeld */; };
		2A942F8E2958D287007257F3 /* MainView.swift in Sources */ = {isa = PBXBuildFile; fileRef = 2A942F8D2958D287007257F3 /* MainView.swift */; };
		2A942F902958D3A4007257F3 /* StatsView.swift in Sources */ = {isa = PBXBuildFile; fileRef = 2A942F8F2958D3A4007257F3 /* StatsView.swift */; };
		2A942F922958D8C6007257F3 /* AchievementsView.swift in Sources */ = {isa = PBXBuildFile; fileRef = 2A942F912958D8C6007257F3 /* AchievementsView.swift */; };
		2A9A218429F9095100A566FE /* HealthStat.swift in Sources */ = {isa = PBXBuildFile; fileRef = 2A9A218329F9095100A566FE /* HealthStat.swift */; };
		2AA50D662A2329C400E9208C /* DevilView.swift in Sources */ = {isa = PBXBuildFile; fileRef = 2AA50D652A2329C400E9208C /* DevilView.swift */; };
		2AC3555E29F8E67600E7C292 /* HealthView.swift in Sources */ = {isa = PBXBuildFile; fileRef = 2AC3555D29F8E67600E7C292 /* HealthView.swift */; };
		2AE67DA62959486700375B6B /* MissionView.swift in Sources */ = {isa = PBXBuildFile; fileRef = 2AE67DA52959486700375B6B /* MissionView.swift */; };
		2AE67DA82959EC2500375B6B /* StatView.swift in Sources */ = {isa = PBXBuildFile; fileRef = 2AE67DA72959EC2500375B6B /* StatView.swift */; };
		2AE67DAA2959EDCC00375B6B /* Stat.swift in Sources */ = {isa = PBXBuildFile; fileRef = 2AE67DA92959EDCC00375B6B /* Stat.swift */; };
		2AE67DAC295A48F800375B6B /* player-avatar.jpeg in Resources */ = {isa = PBXBuildFile; fileRef = 2AE67DAB295A48F700375B6B /* player-avatar.jpeg */; };
		2AEC4FAB2A10B7E0002BB61A /* MissionsView.swift in Sources */ = {isa = PBXBuildFile; fileRef = 2AEC4FAA2A10B7E0002BB61A /* MissionsView.swift */; };
		2AEC4FAD2A10B926002BB61A /* CheckListView2.swift in Sources */ = {isa = PBXBuildFile; fileRef = 2AEC4FAC2A10B926002BB61A /* CheckListView2.swift */; };
		2AFA87352A0B83EA00C2DA52 /* WellnessView.swift in Sources */ = {isa = PBXBuildFile; fileRef = 2AFA87342A0B83EA00C2DA52 /* WellnessView.swift */; };
		2AFA87372A0B8A7D00C2DA52 /* FinanceView.swift in Sources */ = {isa = PBXBuildFile; fileRef = 2AFA87362A0B8A7D00C2DA52 /* FinanceView.swift */; };
		2AFFB0EC298E2B18001C0029 /* DescriptionView.swift in Sources */ = {isa = PBXBuildFile; fileRef = 2AFFB0EB298E2B18001C0029 /* DescriptionView.swift */; };
/* End PBXBuildFile section */

/* Begin PBXContainerItemProxy section */
		2A3B315F29562904003E3CB9 /* PBXContainerItemProxy */ = {
			isa = PBXContainerItemProxy;
			containerPortal = 2A3B314629562903003E3CB9 /* Project object */;
			proxyType = 1;
			remoteGlobalIDString = 2A3B314D29562903003E3CB9;
			remoteInfo = Life;
		};
		2A3B316929562904003E3CB9 /* PBXContainerItemProxy */ = {
			isa = PBXContainerItemProxy;
			containerPortal = 2A3B314629562903003E3CB9 /* Project object */;
			proxyType = 1;
			remoteGlobalIDString = 2A3B314D29562903003E3CB9;
			remoteInfo = Life;
		};
/* End PBXContainerItemProxy section */

/* Begin PBXFileReference section */
		2A051A4A29612BA900FF694D /* character.png */ = {isa = PBXFileReference; lastKnownFileType = image.png; path = character.png; sourceTree = "<group>"; };
		2A051A4C29612FA600FF694D /* Achievement.swift */ = {isa = PBXFileReference; lastKnownFileType = sourcecode.swift; path = Achievement.swift; sourceTree = "<group>"; };
		2A051A4E296130B600FF694D /* Item.swift */ = {isa = PBXFileReference; lastKnownFileType = sourcecode.swift; path = Item.swift; sourceTree = "<group>"; };
		2A094CCE2A0BA6D800E052F6 /* MembershipsView.swift */ = {isa = PBXFileReference; lastKnownFileType = sourcecode.swift; path = MembershipsView.swift; sourceTree = "<group>"; };
		2A0ACA2C2959426F003576C5 /* InventoryView.swift */ = {isa = PBXFileReference; lastKnownFileType = sourcecode.swift; path = InventoryView.swift; sourceTree = "<group>"; };
		2A210FE62A2DE7BB00D2DF7B /* MissionTree.swift */ = {isa = PBXFileReference; lastKnownFileType = sourcecode.swift; path = MissionTree.swift; sourceTree = "<group>"; };
		2A210FE82A2DEEA700D2DF7B /* Dependant.swift */ = {isa = PBXFileReference; lastKnownFileType = sourcecode.swift; path = Dependant.swift; sourceTree = "<group>"; };
		2A2EB9C82A21E29B00AC9D65 /* CheckPointView.swift */ = {isa = PBXFileReference; lastKnownFileType = sourcecode.swift; path = CheckPointView.swift; sourceTree = "<group>"; };
		2A2EB9CA2A21E62F00AC9D65 /* AppDelegate.swift */ = {isa = PBXFileReference; lastKnownFileType = sourcecode.swift; path = AppDelegate.swift; sourceTree = "<group>"; };
		2A2EB9CC2A21E6B800AC9D65 /* CoreDataStack.swift */ = {isa = PBXFileReference; lastKnownFileType = sourcecode.swift; path = CoreDataStack.swift; sourceTree = "<group>"; };
		2A3B314E29562903003E3CB9 /* Life.app */ = {isa = PBXFileReference; explicitFileType = wrapper.application; includeInIndex = 0; path = Life.app; sourceTree = BUILT_PRODUCTS_DIR; };
		2A3B315129562903003E3CB9 /* LifeApp.swift */ = {isa = PBXFileReference; lastKnownFileType = sourcecode.swift; path = LifeApp.swift; sourceTree = "<group>"; };
		2A3B315329562903003E3CB9 /* PlayerView.swift */ = {isa = PBXFileReference; lastKnownFileType = sourcecode.swift; path = PlayerView.swift; sourceTree = "<group>"; };
		2A3B315529562904003E3CB9 /* Assets.xcassets */ = {isa = PBXFileReference; lastKnownFileType = folder.assetcatalog; path = Assets.xcassets; sourceTree = "<group>"; };
		2A3B315829562904003E3CB9 /* Preview Assets.xcassets */ = {isa = PBXFileReference; lastKnownFileType = folder.assetcatalog; path = "Preview Assets.xcassets"; sourceTree = "<group>"; };
		2A3B315E29562904003E3CB9 /* LifeTests.xctest */ = {isa = PBXFileReference; explicitFileType = wrapper.cfbundle; includeInIndex = 0; path = LifeTests.xctest; sourceTree = BUILT_PRODUCTS_DIR; };
		2A3B316229562904003E3CB9 /* LifeTests.swift */ = {isa = PBXFileReference; lastKnownFileType = sourcecode.swift; path = LifeTests.swift; sourceTree = "<group>"; };
		2A3B316829562904003E3CB9 /* LifeUITests.xctest */ = {isa = PBXFileReference; explicitFileType = wrapper.cfbundle; includeInIndex = 0; path = LifeUITests.xctest; sourceTree = BUILT_PRODUCTS_DIR; };
		2A3B316C29562904003E3CB9 /* LifeUITests.swift */ = {isa = PBXFileReference; lastKnownFileType = sourcecode.swift; path = LifeUITests.swift; sourceTree = "<group>"; };
		2A3B316E29562904003E3CB9 /* LifeUITestsLaunchTests.swift */ = {isa = PBXFileReference; lastKnownFileType = sourcecode.swift; path = LifeUITestsLaunchTests.swift; sourceTree = "<group>"; };
		2A3CA33D2A0A3C69009DCAE5 /* ListDetailViewController.swift */ = {isa = PBXFileReference; fileEncoding = 4; lastKnownFileType = sourcecode.swift; path = ListDetailViewController.swift; sourceTree = "<group>"; };
		2A3CA33E2A0A3C69009DCAE5 /* IconPickerViewController.swift */ = {isa = PBXFileReference; fileEncoding = 4; lastKnownFileType = sourcecode.swift; path = IconPickerViewController.swift; sourceTree = "<group>"; };
		2A3CA33F2A0A3C69009DCAE5 /* ItemDetailViewController.swift */ = {isa = PBXFileReference; fileEncoding = 4; lastKnownFileType = sourcecode.swift; path = ItemDetailViewController.swift; sourceTree = "<group>"; };
		2A3CA3402A0A3C69009DCAE5 /* ChecklistViewController.swift */ = {isa = PBXFileReference; fileEncoding = 4; lastKnownFileType = sourcecode.swift; path = ChecklistViewController.swift; sourceTree = "<group>"; };
		2A3CA3462A0A3C7C009DCAE5 /* Checklist.swift */ = {isa = PBXFileReference; fileEncoding = 4; lastKnownFileType = sourcecode.swift; path = Checklist.swift; sourceTree = "<group>"; };
		2A3CA3472A0A3C7C009DCAE5 /* DataModel.swift */ = {isa = PBXFileReference; fileEncoding = 4; lastKnownFileType = sourcecode.swift; path = DataModel.swift; sourceTree = "<group>"; };
		2A3CA3482A0A3C7C009DCAE5 /* ChecklistItem.swift */ = {isa = PBXFileReference; fileEncoding = 4; lastKnownFileType = sourcecode.swift; path = ChecklistItem.swift; sourceTree = "<group>"; };
		2A3D3C1D2A0F4C4300E0637D /* CheckListView.swift */ = {isa = PBXFileReference; fileEncoding = 4; lastKnownFileType = sourcecode.swift; path = CheckListView.swift; sourceTree = "<group>"; };
		2A3D3C1F2A0F4C4300E0637D /* CheckListItem.swift */ = {isa = PBXFileReference; fileEncoding = 4; lastKnownFileType = sourcecode.swift; path = CheckListItem.swift; sourceTree = "<group>"; };
		2A3D3C202A0F4C4300E0637D /* CheckListData.swift */ = {isa = PBXFileReference; fileEncoding = 4; lastKnownFileType = sourcecode.swift; path = CheckListData.swift; sourceTree = "<group>"; };
		2A3D3C212A0F4C4300E0637D /* CheckView.swift */ = {isa = PBXFileReference; fileEncoding = 4; lastKnownFileType = sourcecode.swift; path = CheckView.swift; sourceTree = "<group>"; };
		2A4157952A0B60A3007B516C /* person.obj */ = {isa = PBXFileReference; fileEncoding = 4; lastKnownFileType = text; path = person.obj; sourceTree = "<group>"; };
		2A4157972A0B6A98007B516C /* CharacterViewController.swift */ = {isa = PBXFileReference; lastKnownFileType = sourcecode.swift; path = CharacterViewController.swift; sourceTree = "<group>"; };
		2A4157992A0B6AF1007B516C /* CharacterView.swift */ = {isa = PBXFileReference; lastKnownFileType = sourcecode.swift; path = CharacterView.swift; sourceTree = "<group>"; };
		2A428ABC2964B40C00E0D1B3 /* ItemView.swift */ = {isa = PBXFileReference; lastKnownFileType = sourcecode.swift; path = ItemView.swift; sourceTree = "<group>"; };
		2A530474295FD55E00613B21 /* JamesBond.png */ = {isa = PBXFileReference; lastKnownFileType = image.png; path = JamesBond.png; sourceTree = "<group>"; };
		2A6F3BD32A2AC60800783656 /* DataController.swift */ = {isa = PBXFileReference; lastKnownFileType = sourcecode.swift; path = DataController.swift; sourceTree = "<group>"; };
		2A6F3BD92A2AC8CC00783656 /* Life.xcdatamodel */ = {isa = PBXFileReference; lastKnownFileType = wrapper.xcdatamodel; path = Life.xcdatamodel; sourceTree = "<group>"; };
		2A942F8D2958D287007257F3 /* MainView.swift */ = {isa = PBXFileReference; lastKnownFileType = sourcecode.swift; path = MainView.swift; sourceTree = "<group>"; };
		2A942F8F2958D3A4007257F3 /* StatsView.swift */ = {isa = PBXFileReference; lastKnownFileType = sourcecode.swift; path = StatsView.swift; sourceTree = "<group>"; };
		2A942F912958D8C6007257F3 /* AchievementsView.swift */ = {isa = PBXFileReference; lastKnownFileType = sourcecode.swift; path = AchievementsView.swift; sourceTree = "<group>"; };
		2A9A218329F9095100A566FE /* HealthStat.swift */ = {isa = PBXFileReference; lastKnownFileType = sourcecode.swift; path = HealthStat.swift; sourceTree = "<group>"; };
		2AA50D652A2329C400E9208C /* DevilView.swift */ = {isa = PBXFileReference; lastKnownFileType = sourcecode.swift; path = DevilView.swift; sourceTree = "<group>"; };
		2AC3555D29F8E67600E7C292 /* HealthView.swift */ = {isa = PBXFileReference; lastKnownFileType = sourcecode.swift; path = HealthView.swift; sourceTree = "<group>"; };
		2AE67DA52959486700375B6B /* MissionView.swift */ = {isa = PBXFileReference; lastKnownFileType = sourcecode.swift; path = MissionView.swift; sourceTree = "<group>"; };
		2AE67DA72959EC2500375B6B /* StatView.swift */ = {isa = PBXFileReference; lastKnownFileType = sourcecode.swift; path = StatView.swift; sourceTree = "<group>"; };
		2AE67DA92959EDCC00375B6B /* Stat.swift */ = {isa = PBXFileReference; lastKnownFileType = sourcecode.swift; path = Stat.swift; sourceTree = "<group>"; };
		2AE67DAB295A48F700375B6B /* player-avatar.jpeg */ = {isa = PBXFileReference; lastKnownFileType = image.jpeg; path = "player-avatar.jpeg"; sourceTree = "<group>"; };
		2AEC4FAA2A10B7E0002BB61A /* MissionsView.swift */ = {isa = PBXFileReference; lastKnownFileType = sourcecode.swift; path = MissionsView.swift; sourceTree = "<group>"; };
		2AEC4FAC2A10B926002BB61A /* CheckListView2.swift */ = {isa = PBXFileReference; lastKnownFileType = sourcecode.swift; path = CheckListView2.swift; sourceTree = "<group>"; };
		2AFA87342A0B83EA00C2DA52 /* WellnessView.swift */ = {isa = PBXFileReference; lastKnownFileType = sourcecode.swift; path = WellnessView.swift; sourceTree = "<group>"; };
		2AFA87362A0B8A7D00C2DA52 /* FinanceView.swift */ = {isa = PBXFileReference; lastKnownFileType = sourcecode.swift; path = FinanceView.swift; sourceTree = "<group>"; };
		2AFFB0EB298E2B18001C0029 /* DescriptionView.swift */ = {isa = PBXFileReference; lastKnownFileType = sourcecode.swift; path = DescriptionView.swift; sourceTree = "<group>"; };
/* End PBXFileReference section */

/* Begin PBXFrameworksBuildPhase section */
		2A3B314B29562903003E3CB9 /* Frameworks */ = {
			isa = PBXFrameworksBuildPhase;
			buildActionMask = 2147483647;
			files = (
			);
			runOnlyForDeploymentPostprocessing = 0;
		};
		2A3B315B29562904003E3CB9 /* Frameworks */ = {
			isa = PBXFrameworksBuildPhase;
			buildActionMask = 2147483647;
			files = (
			);
			runOnlyForDeploymentPostprocessing = 0;
		};
		2A3B316529562904003E3CB9 /* Frameworks */ = {
			isa = PBXFrameworksBuildPhase;
			buildActionMask = 2147483647;
			files = (
			);
			runOnlyForDeploymentPostprocessing = 0;
		};
/* End PBXFrameworksBuildPhase section */

/* Begin PBXGroup section */
		2A2EB9DB2A21ED3800AC9D65 /* CoreData */ = {
			isa = PBXGroup;
			children = (
				2A2EB9CC2A21E6B800AC9D65 /* CoreDataStack.swift */,
			);
			path = CoreData;
			sourceTree = "<group>";
		};
		2A3B314529562903003E3CB9 = {
			isa = PBXGroup;
			children = (
				2A3B315029562903003E3CB9 /* Life */,
				2A3B316129562904003E3CB9 /* LifeTests */,
				2A3B316B29562904003E3CB9 /* LifeUITests */,
				2A3B314F29562903003E3CB9 /* Products */,
			);
			sourceTree = "<group>";
		};
		2A3B314F29562903003E3CB9 /* Products */ = {
			isa = PBXGroup;
			children = (
				2A3B314E29562903003E3CB9 /* Life.app */,
				2A3B315E29562904003E3CB9 /* LifeTests.xctest */,
				2A3B316829562904003E3CB9 /* LifeUITests.xctest */,
			);
			name = Products;
			sourceTree = "<group>";
		};
		2A3B315029562903003E3CB9 /* Life */ = {
			isa = PBXGroup;
			children = (
				2A6F3BD82A2AC8CC00783656 /* Life.xcdatamodeld */,
				2A4157952A0B60A3007B516C /* person.obj */,
				2A3B315129562903003E3CB9 /* LifeApp.swift */,
				2A942F8D2958D287007257F3 /* MainView.swift */,
				2A2EB9CA2A21E62F00AC9D65 /* AppDelegate.swift */,
				2A2EB9DB2A21ED3800AC9D65 /* CoreData */,
				2A3D3C1E2A0F4C4300E0637D /* Model */,
				2A3CA3452A0A3C7C009DCAE5 /* Data Models */,
				2A3B315729562904003E3CB9 /* Preview Content */,
				2A6F3BD32A2AC60800783656 /* DataController.swift */,
				2A3CA3402A0A3C69009DCAE5 /* ChecklistViewController.swift */,
				2A3CA33E2A0A3C69009DCAE5 /* IconPickerViewController.swift */,
				2A3CA33F2A0A3C69009DCAE5 /* ItemDetailViewController.swift */,
				2A3CA33D2A0A3C69009DCAE5 /* ListDetailViewController.swift */,
				2A051A4C29612FA600FF694D /* Achievement.swift */,
				2A3B315329562903003E3CB9 /* PlayerView.swift */,
				2A942F912958D8C6007257F3 /* AchievementsView.swift */,
				2A3B315529562904003E3CB9 /* Assets.xcassets */,
				2A942F8F2958D3A4007257F3 /* StatsView.swift */,
				2AE67DA72959EC2500375B6B /* StatView.swift */,
				2AE67DA92959EDCC00375B6B /* Stat.swift */,
				2A0ACA2C2959426F003576C5 /* InventoryView.swift */,
				2AE67DA52959486700375B6B /* MissionView.swift */,
				2A051A4E296130B600FF694D /* Item.swift */,
				2A428ABC2964B40C00E0D1B3 /* ItemView.swift */,
				2AFFB0EB298E2B18001C0029 /* DescriptionView.swift */,
				2AC3555D29F8E67600E7C292 /* HealthView.swift */,
				2A9A218329F9095100A566FE /* HealthStat.swift */,
				2A4157972A0B6A98007B516C /* CharacterViewController.swift */,
				2A4157992A0B6AF1007B516C /* CharacterView.swift */,
				2AFA87342A0B83EA00C2DA52 /* WellnessView.swift */,
				2AFA87362A0B8A7D00C2DA52 /* FinanceView.swift */,
				2A094CCE2A0BA6D800E052F6 /* MembershipsView.swift */,
				2A3D3C1D2A0F4C4300E0637D /* CheckListView.swift */,
				2A3D3C212A0F4C4300E0637D /* CheckView.swift */,
				2AEC4FAA2A10B7E0002BB61A /* MissionsView.swift */,
				2AEC4FAC2A10B926002BB61A /* CheckListView2.swift */,
				2A2EB9C82A21E29B00AC9D65 /* CheckPointView.swift */,
				2AA50D652A2329C400E9208C /* DevilView.swift */,
				2A210FE62A2DE7BB00D2DF7B /* MissionTree.swift */,
				2A210FE82A2DEEA700D2DF7B /* Dependant.swift */,
			);
			path = Life;
			sourceTree = "<group>";
		};
		2A3B315729562904003E3CB9 /* Preview Content */ = {
			isa = PBXGroup;
			children = (
				2A051A4A29612BA900FF694D /* character.png */,
				2AE67DAB295A48F700375B6B /* player-avatar.jpeg */,
				2A530474295FD55E00613B21 /* JamesBond.png */,
				2A3B315829562904003E3CB9 /* Preview Assets.xcassets */,
			);
			path = "Preview Content";
			sourceTree = "<group>";
		};
		2A3B316129562904003E3CB9 /* LifeTests */ = {
			isa = PBXGroup;
			children = (
				2A3B316229562904003E3CB9 /* LifeTests.swift */,
			);
			path = LifeTests;
			sourceTree = "<group>";
		};
		2A3B316B29562904003E3CB9 /* LifeUITests */ = {
			isa = PBXGroup;
			children = (
				2A3B316C29562904003E3CB9 /* LifeUITests.swift */,
				2A3B316E29562904003E3CB9 /* LifeUITestsLaunchTests.swift */,
			);
			path = LifeUITests;
			sourceTree = "<group>";
		};
		2A3CA3452A0A3C7C009DCAE5 /* Data Models */ = {
			isa = PBXGroup;
			children = (
				2A3CA3462A0A3C7C009DCAE5 /* Checklist.swift */,
				2A3CA3472A0A3C7C009DCAE5 /* DataModel.swift */,
				2A3CA3482A0A3C7C009DCAE5 /* ChecklistItem.swift */,
			);
			path = "Data Models";
			sourceTree = "<group>";
		};
		2A3D3C1E2A0F4C4300E0637D /* Model */ = {
			isa = PBXGroup;
			children = (
				2A3D3C1F2A0F4C4300E0637D /* CheckListItem.swift */,
				2A3D3C202A0F4C4300E0637D /* CheckListData.swift */,
			);
			path = Model;
			sourceTree = "<group>";
		};
/* End PBXGroup section */

/* Begin PBXNativeTarget section */
		2A3B314D29562903003E3CB9 /* Life */ = {
			isa = PBXNativeTarget;
			buildConfigurationList = 2A3B317229562904003E3CB9 /* Build configuration list for PBXNativeTarget "Life" */;
			buildPhases = (
				2A3B314A29562903003E3CB9 /* Sources */,
				2A3B314B29562903003E3CB9 /* Frameworks */,
				2A3B314C29562903003E3CB9 /* Resources */,
			);
			buildRules = (
			);
			dependencies = (
			);
			name = Life;
			productName = Life;
			productReference = 2A3B314E29562903003E3CB9 /* Life.app */;
			productType = "com.apple.product-type.application";
		};
		2A3B315D29562904003E3CB9 /* LifeTests */ = {
			isa = PBXNativeTarget;
			buildConfigurationList = 2A3B317529562904003E3CB9 /* Build configuration list for PBXNativeTarget "LifeTests" */;
			buildPhases = (
				2A3B315A29562904003E3CB9 /* Sources */,
				2A3B315B29562904003E3CB9 /* Frameworks */,
				2A3B315C29562904003E3CB9 /* Resources */,
			);
			buildRules = (
			);
			dependencies = (
				2A3B316029562904003E3CB9 /* PBXTargetDependency */,
			);
			name = LifeTests;
			productName = LifeTests;
			productReference = 2A3B315E29562904003E3CB9 /* LifeTests.xctest */;
			productType = "com.apple.product-type.bundle.unit-test";
		};
		2A3B316729562904003E3CB9 /* LifeUITests */ = {
			isa = PBXNativeTarget;
			buildConfigurationList = 2A3B317829562904003E3CB9 /* Build configuration list for PBXNativeTarget "LifeUITests" */;
			buildPhases = (
				2A3B316429562904003E3CB9 /* Sources */,
				2A3B316529562904003E3CB9 /* Frameworks */,
				2A3B316629562904003E3CB9 /* Resources */,
			);
			buildRules = (
			);
			dependencies = (
				2A3B316A29562904003E3CB9 /* PBXTargetDependency */,
			);
			name = LifeUITests;
			productName = LifeUITests;
			productReference = 2A3B316829562904003E3CB9 /* LifeUITests.xctest */;
			productType = "com.apple.product-type.bundle.ui-testing";
		};
/* End PBXNativeTarget section */

/* Begin PBXProject section */
		2A3B314629562903003E3CB9 /* Project object */ = {
			isa = PBXProject;
			attributes = {
				BuildIndependentTargetsInParallel = 1;
				LastSwiftUpdateCheck = 1400;
				LastUpgradeCheck = 1400;
				TargetAttributes = {
					2A3B314D29562903003E3CB9 = {
						CreatedOnToolsVersion = 14.0.1;
					};
					2A3B315D29562904003E3CB9 = {
						CreatedOnToolsVersion = 14.0.1;
						TestTargetID = 2A3B314D29562903003E3CB9;
					};
					2A3B316729562904003E3CB9 = {
						CreatedOnToolsVersion = 14.0.1;
						TestTargetID = 2A3B314D29562903003E3CB9;
					};
				};
			};
			buildConfigurationList = 2A3B314929562903003E3CB9 /* Build configuration list for PBXProject "Life" */;
			compatibilityVersion = "Xcode 14.0";
			developmentRegion = en;
			hasScannedForEncodings = 0;
			knownRegions = (
				en,
				Base,
			);
			mainGroup = 2A3B314529562903003E3CB9;
			productRefGroup = 2A3B314F29562903003E3CB9 /* Products */;
			projectDirPath = "";
			projectRoot = "";
			targets = (
				2A3B314D29562903003E3CB9 /* Life */,
				2A3B315D29562904003E3CB9 /* LifeTests */,
				2A3B316729562904003E3CB9 /* LifeUITests */,
			);
		};
/* End PBXProject section */

/* Begin PBXResourcesBuildPhase section */
		2A3B314C29562903003E3CB9 /* Resources */ = {
			isa = PBXResourcesBuildPhase;
			buildActionMask = 2147483647;
			files = (
				2A3B315929562904003E3CB9 /* Preview Assets.xcassets in Resources */,
				2A3B315629562904003E3CB9 /* Assets.xcassets in Resources */,
				2A051A4B29612BA900FF694D /* character.png in Resources */,
				2AE67DAC295A48F800375B6B /* player-avatar.jpeg in Resources */,
				2A4157962A0B60A3007B516C /* person.obj in Resources */,
				2A530475295FD55E00613B21 /* JamesBond.png in Resources */,
			);
			runOnlyForDeploymentPostprocessing = 0;
		};
		2A3B315C29562904003E3CB9 /* Resources */ = {
			isa = PBXResourcesBuildPhase;
			buildActionMask = 2147483647;
			files = (
			);
			runOnlyForDeploymentPostprocessing = 0;
		};
		2A3B316629562904003E3CB9 /* Resources */ = {
			isa = PBXResourcesBuildPhase;
			buildActionMask = 2147483647;
			files = (
			);
			runOnlyForDeploymentPostprocessing = 0;
		};
/* End PBXResourcesBuildPhase section */

/* Begin PBXSourcesBuildPhase section */
		2A3B314A29562903003E3CB9 /* Sources */ = {
			isa = PBXSourcesBuildPhase;
			buildActionMask = 2147483647;
			files = (
				2A3CA3492A0A3C7C009DCAE5 /* Checklist.swift in Sources */,
				2AA50D662A2329C400E9208C /* DevilView.swift in Sources */,
				2AE67DAA2959EDCC00375B6B /* Stat.swift in Sources */,
				2A3D3C252A0F4C4300E0637D /* CheckView.swift in Sources */,
				2AE67DA82959EC2500375B6B /* StatView.swift in Sources */,
				2A3D3C222A0F4C4300E0637D /* CheckListView.swift in Sources */,
				2AC3555E29F8E67600E7C292 /* HealthView.swift in Sources */,
				2AFFB0EC298E2B18001C0029 /* DescriptionView.swift in Sources */,
				2A3CA34B2A0A3C7C009DCAE5 /* ChecklistItem.swift in Sources */,
				2A3D3C232A0F4C4300E0637D /* CheckListItem.swift in Sources */,
				2A41579A2A0B6AF1007B516C /* CharacterView.swift in Sources */,
				2AE67DA62959486700375B6B /* MissionView.swift in Sources */,
				2A942F902958D3A4007257F3 /* StatsView.swift in Sources */,
				2A2EB9CB2A21E62F00AC9D65 /* AppDelegate.swift in Sources */,
				2A3B315429562903003E3CB9 /* PlayerView.swift in Sources */,
				2A3CA3412A0A3C69009DCAE5 /* ListDetailViewController.swift in Sources */,
				2A094CCF2A0BA6D800E052F6 /* MembershipsView.swift in Sources */,
				2A2EB9CD2A21E6B800AC9D65 /* CoreDataStack.swift in Sources */,
				2A4157982A0B6A98007B516C /* CharacterViewController.swift in Sources */,
				2A942F922958D8C6007257F3 /* AchievementsView.swift in Sources */,
				2A9A218429F9095100A566FE /* HealthStat.swift in Sources */,
				2AEC4FAD2A10B926002BB61A /* CheckListView2.swift in Sources */,
				2A3CA3422A0A3C69009DCAE5 /* IconPickerViewController.swift in Sources */,
				2A210FE92A2DEEA700D2DF7B /* Dependant.swift in Sources */,
				2A051A4F296130B600FF694D /* Item.swift in Sources */,
				2A428ABD2964B40C00E0D1B3 /* ItemView.swift in Sources */,
				2A3CA34A2A0A3C7C009DCAE5 /* DataModel.swift in Sources */,
				2A3CA3442A0A3C69009DCAE5 /* ChecklistViewController.swift in Sources */,
				2A0ACA2D2959426F003576C5 /* InventoryView.swift in Sources */,
				2A3CA3432A0A3C69009DCAE5 /* ItemDetailViewController.swift in Sources */,
				2A6F3BDA2A2AC8CC00783656 /* Life.xcdatamodeld in Sources */,
				2A210FE72A2DE7BB00D2DF7B /* MissionTree.swift in Sources */,
				2A942F8E2958D287007257F3 /* MainView.swift in Sources */,
				2A3B315229562903003E3CB9 /* LifeApp.swift in Sources */,
				2A051A4D29612FA600FF694D /* Achievement.swift in Sources */,
				2AFA87352A0B83EA00C2DA52 /* WellnessView.swift in Sources */,
				2AEC4FAB2A10B7E0002BB61A /* MissionsView.swift in Sources */,
				2A3D3C242A0F4C4300E0637D /* CheckListData.swift in Sources */,
				2A2EB9C92A21E29B00AC9D65 /* CheckPointView.swift in Sources */,
				2A6F3BD42A2AC60800783656 /* DataController.swift in Sources */,
				2AFA87372A0B8A7D00C2DA52 /* FinanceView.swift in Sources */,
			);
			runOnlyForDeploymentPostprocessing = 0;
		};
		2A3B315A29562904003E3CB9 /* Sources */ = {
			isa = PBXSourcesBuildPhase;
			buildActionMask = 2147483647;
			files = (
				2A3B316329562904003E3CB9 /* LifeTests.swift in Sources */,
			);
			runOnlyForDeploymentPostprocessing = 0;
		};
		2A3B316429562904003E3CB9 /* Sources */ = {
			isa = PBXSourcesBuildPhase;
			buildActionMask = 2147483647;
			files = (
				2A3B316F29562904003E3CB9 /* LifeUITestsLaunchTests.swift in Sources */,
				2A3B316D29562904003E3CB9 /* LifeUITests.swift in Sources */,
			);
			runOnlyForDeploymentPostprocessing = 0;
		};
/* End PBXSourcesBuildPhase section */

/* Begin PBXTargetDependency section */
		2A3B316029562904003E3CB9 /* PBXTargetDependency */ = {
			isa = PBXTargetDependency;
			target = 2A3B314D29562903003E3CB9 /* Life */;
			targetProxy = 2A3B315F29562904003E3CB9 /* PBXContainerItemProxy */;
		};
		2A3B316A29562904003E3CB9 /* PBXTargetDependency */ = {
			isa = PBXTargetDependency;
			target = 2A3B314D29562903003E3CB9 /* Life */;
			targetProxy = 2A3B316929562904003E3CB9 /* PBXContainerItemProxy */;
		};
/* End PBXTargetDependency section */

/* Begin XCBuildConfiguration section */
		2A3B317029562904003E3CB9 /* Debug */ = {
			isa = XCBuildConfiguration;
			buildSettings = {
				ALWAYS_SEARCH_USER_PATHS = NO;
				CLANG_ANALYZER_NONNULL = YES;
				CLANG_ANALYZER_NUMBER_OBJECT_CONVERSION = YES_AGGRESSIVE;
				CLANG_CXX_LANGUAGE_STANDARD = "gnu++20";
				CLANG_ENABLE_MODULES = YES;
				CLANG_ENABLE_OBJC_ARC = YES;
				CLANG_ENABLE_OBJC_WEAK = YES;
				CLANG_WARN_BLOCK_CAPTURE_AUTORELEASING = YES;
				CLANG_WARN_BOOL_CONVERSION = YES;
				CLANG_WARN_COMMA = YES;
				CLANG_WARN_CONSTANT_CONVERSION = YES;
				CLANG_WARN_DEPRECATED_OBJC_IMPLEMENTATIONS = YES;
				CLANG_WARN_DIRECT_OBJC_ISA_USAGE = YES_ERROR;
				CLANG_WARN_DOCUMENTATION_COMMENTS = YES;
				CLANG_WARN_EMPTY_BODY = YES;
				CLANG_WARN_ENUM_CONVERSION = YES;
				CLANG_WARN_INFINITE_RECURSION = YES;
				CLANG_WARN_INT_CONVERSION = YES;
				CLANG_WARN_NON_LITERAL_NULL_CONVERSION = YES;
				CLANG_WARN_OBJC_IMPLICIT_RETAIN_SELF = YES;
				CLANG_WARN_OBJC_LITERAL_CONVERSION = YES;
				CLANG_WARN_OBJC_ROOT_CLASS = YES_ERROR;
				CLANG_WARN_QUOTED_INCLUDE_IN_FRAMEWORK_HEADER = YES;
				CLANG_WARN_RANGE_LOOP_ANALYSIS = YES;
				CLANG_WARN_STRICT_PROTOTYPES = YES;
				CLANG_WARN_SUSPICIOUS_MOVE = YES;
				CLANG_WARN_UNGUARDED_AVAILABILITY = YES_AGGRESSIVE;
				CLANG_WARN_UNREACHABLE_CODE = YES;
				CLANG_WARN__DUPLICATE_METHOD_MATCH = YES;
				COPY_PHASE_STRIP = NO;
				DEBUG_INFORMATION_FORMAT = dwarf;
				ENABLE_STRICT_OBJC_MSGSEND = YES;
				ENABLE_TESTABILITY = YES;
				GCC_C_LANGUAGE_STANDARD = gnu11;
				GCC_DYNAMIC_NO_PIC = NO;
				GCC_NO_COMMON_BLOCKS = YES;
				GCC_OPTIMIZATION_LEVEL = 0;
				GCC_PREPROCESSOR_DEFINITIONS = (
					"DEBUG=1",
					"$(inherited)",
				);
				GCC_WARN_64_TO_32_BIT_CONVERSION = YES;
				GCC_WARN_ABOUT_RETURN_TYPE = YES_ERROR;
				GCC_WARN_UNDECLARED_SELECTOR = YES;
				GCC_WARN_UNINITIALIZED_AUTOS = YES_AGGRESSIVE;
				GCC_WARN_UNUSED_FUNCTION = YES;
				GCC_WARN_UNUSED_VARIABLE = YES;
				IPHONEOS_DEPLOYMENT_TARGET = 16.0;
				MTL_ENABLE_DEBUG_INFO = INCLUDE_SOURCE;
				MTL_FAST_MATH = YES;
				ONLY_ACTIVE_ARCH = YES;
				SDKROOT = iphoneos;
				SWIFT_ACTIVE_COMPILATION_CONDITIONS = DEBUG;
				SWIFT_OPTIMIZATION_LEVEL = "-Onone";
			};
			name = Debug;
		};
		2A3B317129562904003E3CB9 /* Release */ = {
			isa = XCBuildConfiguration;
			buildSettings = {
				ALWAYS_SEARCH_USER_PATHS = NO;
				CLANG_ANALYZER_NONNULL = YES;
				CLANG_ANALYZER_NUMBER_OBJECT_CONVERSION = YES_AGGRESSIVE;
				CLANG_CXX_LANGUAGE_STANDARD = "gnu++20";
				CLANG_ENABLE_MODULES = YES;
				CLANG_ENABLE_OBJC_ARC = YES;
				CLANG_ENABLE_OBJC_WEAK = YES;
				CLANG_WARN_BLOCK_CAPTURE_AUTORELEASING = YES;
				CLANG_WARN_BOOL_CONVERSION = YES;
				CLANG_WARN_COMMA = YES;
				CLANG_WARN_CONSTANT_CONVERSION = YES;
				CLANG_WARN_DEPRECATED_OBJC_IMPLEMENTATIONS = YES;
				CLANG_WARN_DIRECT_OBJC_ISA_USAGE = YES_ERROR;
				CLANG_WARN_DOCUMENTATION_COMMENTS = YES;
				CLANG_WARN_EMPTY_BODY = YES;
				CLANG_WARN_ENUM_CONVERSION = YES;
				CLANG_WARN_INFINITE_RECURSION = YES;
				CLANG_WARN_INT_CONVERSION = YES;
				CLANG_WARN_NON_LITERAL_NULL_CONVERSION = YES;
				CLANG_WARN_OBJC_IMPLICIT_RETAIN_SELF = YES;
				CLANG_WARN_OBJC_LITERAL_CONVERSION = YES;
				CLANG_WARN_OBJC_ROOT_CLASS = YES_ERROR;
				CLANG_WARN_QUOTED_INCLUDE_IN_FRAMEWORK_HEADER = YES;
				CLANG_WARN_RANGE_LOOP_ANALYSIS = YES;
				CLANG_WARN_STRICT_PROTOTYPES = YES;
				CLANG_WARN_SUSPICIOUS_MOVE = YES;
				CLANG_WARN_UNGUARDED_AVAILABILITY = YES_AGGRESSIVE;
				CLANG_WARN_UNREACHABLE_CODE = YES;
				CLANG_WARN__DUPLICATE_METHOD_MATCH = YES;
				COPY_PHASE_STRIP = NO;
				DEBUG_INFORMATION_FORMAT = "dwarf-with-dsym";
				ENABLE_NS_ASSERTIONS = NO;
				ENABLE_STRICT_OBJC_MSGSEND = YES;
				GCC_C_LANGUAGE_STANDARD = gnu11;
				GCC_NO_COMMON_BLOCKS = YES;
				GCC_WARN_64_TO_32_BIT_CONVERSION = YES;
				GCC_WARN_ABOUT_RETURN_TYPE = YES_ERROR;
				GCC_WARN_UNDECLARED_SELECTOR = YES;
				GCC_WARN_UNINITIALIZED_AUTOS = YES_AGGRESSIVE;
				GCC_WARN_UNUSED_FUNCTION = YES;
				GCC_WARN_UNUSED_VARIABLE = YES;
				IPHONEOS_DEPLOYMENT_TARGET = 16.0;
				MTL_ENABLE_DEBUG_INFO = NO;
				MTL_FAST_MATH = YES;
				SDKROOT = iphoneos;
				SWIFT_COMPILATION_MODE = wholemodule;
				SWIFT_OPTIMIZATION_LEVEL = "-O";
				VALIDATE_PRODUCT = YES;
			};
			name = Release;
		};
		2A3B317329562904003E3CB9 /* Debug */ = {
			isa = XCBuildConfiguration;
			buildSettings = {
				ASSETCATALOG_COMPILER_APPICON_NAME = AppIcon;
				ASSETCATALOG_COMPILER_GLOBAL_ACCENT_COLOR_NAME = AccentColor;
				CODE_SIGN_STYLE = Automatic;
				CURRENT_PROJECT_VERSION = 1;
				DEVELOPMENT_ASSET_PATHS = "\"Life/Preview Content\"";
				DEVELOPMENT_TEAM = NV5PR33GEL;
				ENABLE_PREVIEWS = YES;
				GENERATE_INFOPLIST_FILE = YES;
				INFOPLIST_KEY_UIApplicationSceneManifest_Generation = YES;
				INFOPLIST_KEY_UIApplicationSupportsIndirectInputEvents = YES;
				INFOPLIST_KEY_UILaunchScreen_Generation = YES;
				INFOPLIST_KEY_UISupportedInterfaceOrientations_iPad = "UIInterfaceOrientationPortrait UIInterfaceOrientationPortraitUpsideDown UIInterfaceOrientationLandscapeLeft UIInterfaceOrientationLandscapeRight";
				INFOPLIST_KEY_UISupportedInterfaceOrientations_iPhone = "UIInterfaceOrientationPortrait UIInterfaceOrientationLandscapeLeft UIInterfaceOrientationLandscapeRight";
				LD_RUNPATH_SEARCH_PATHS = (
					"$(inherited)",
					"@executable_path/Frameworks",
				);
				MARKETING_VERSION = 1.0;
				PRODUCT_BUNDLE_IDENTIFIER = crystal.Life;
				PRODUCT_NAME = "$(TARGET_NAME)";
				SWIFT_EMIT_LOC_STRINGS = YES;
				SWIFT_VERSION = 5.0;
				TARGETED_DEVICE_FAMILY = "1,2";
			};
			name = Debug;
		};
		2A3B317429562904003E3CB9 /* Release */ = {
			isa = XCBuildConfiguration;
			buildSettings = {
				ASSETCATALOG_COMPILER_APPICON_NAME = AppIcon;
				ASSETCATALOG_COMPILER_GLOBAL_ACCENT_COLOR_NAME = AccentColor;
				CODE_SIGN_STYLE = Automatic;
				CURRENT_PROJECT_VERSION = 1;
				DEVELOPMENT_ASSET_PATHS = "\"Life/Preview Content\"";
				DEVELOPMENT_TEAM = NV5PR33GEL;
				ENABLE_PREVIEWS = YES;
				GENERATE_INFOPLIST_FILE = YES;
				INFOPLIST_KEY_UIApplicationSceneManifest_Generation = YES;
				INFOPLIST_KEY_UIApplicationSupportsIndirectInputEvents = YES;
				INFOPLIST_KEY_UILaunchScreen_Generation = YES;
				INFOPLIST_KEY_UISupportedInterfaceOrientations_iPad = "UIInterfaceOrientationPortrait UIInterfaceOrientationPortraitUpsideDown UIInterfaceOrientationLandscapeLeft UIInterfaceOrientationLandscapeRight";
				INFOPLIST_KEY_UISupportedInterfaceOrientations_iPhone = "UIInterfaceOrientationPortrait UIInterfaceOrientationLandscapeLeft UIInterfaceOrientationLandscapeRight";
				LD_RUNPATH_SEARCH_PATHS = (
					"$(inherited)",
					"@executable_path/Frameworks",
				);
				MARKETING_VERSION = 1.0;
				PRODUCT_BUNDLE_IDENTIFIER = crystal.Life;
				PRODUCT_NAME = "$(TARGET_NAME)";
				SWIFT_EMIT_LOC_STRINGS = YES;
				SWIFT_VERSION = 5.0;
				TARGETED_DEVICE_FAMILY = "1,2";
			};
			name = Release;
		};
		2A3B317629562904003E3CB9 /* Debug */ = {
			isa = XCBuildConfiguration;
			buildSettings = {
				ALWAYS_EMBED_SWIFT_STANDARD_LIBRARIES = YES;
				BUNDLE_LOADER = "$(TEST_HOST)";
				CODE_SIGN_STYLE = Automatic;
				CURRENT_PROJECT_VERSION = 1;
				GENERATE_INFOPLIST_FILE = YES;
				IPHONEOS_DEPLOYMENT_TARGET = 16.0;
				MARKETING_VERSION = 1.0;
				PRODUCT_BUNDLE_IDENTIFIER = crystal.LifeTests;
				PRODUCT_NAME = "$(TARGET_NAME)";
				SWIFT_EMIT_LOC_STRINGS = NO;
				SWIFT_VERSION = 5.0;
				TARGETED_DEVICE_FAMILY = "1,2";
				TEST_HOST = "$(BUILT_PRODUCTS_DIR)/Life.app/$(BUNDLE_EXECUTABLE_FOLDER_PATH)/Life";
			};
			name = Debug;
		};
		2A3B317729562904003E3CB9 /* Release */ = {
			isa = XCBuildConfiguration;
			buildSettings = {
				ALWAYS_EMBED_SWIFT_STANDARD_LIBRARIES = YES;
				BUNDLE_LOADER = "$(TEST_HOST)";
				CODE_SIGN_STYLE = Automatic;
				CURRENT_PROJECT_VERSION = 1;
				GENERATE_INFOPLIST_FILE = YES;
				IPHONEOS_DEPLOYMENT_TARGET = 16.0;
				MARKETING_VERSION = 1.0;
				PRODUCT_BUNDLE_IDENTIFIER = crystal.LifeTests;
				PRODUCT_NAME = "$(TARGET_NAME)";
				SWIFT_EMIT_LOC_STRINGS = NO;
				SWIFT_VERSION = 5.0;
				TARGETED_DEVICE_FAMILY = "1,2";
				TEST_HOST = "$(BUILT_PRODUCTS_DIR)/Life.app/$(BUNDLE_EXECUTABLE_FOLDER_PATH)/Life";
			};
			name = Release;
		};
		2A3B317929562904003E3CB9 /* Debug */ = {
			isa = XCBuildConfiguration;
			buildSettings = {
				ALWAYS_EMBED_SWIFT_STANDARD_LIBRARIES = YES;
				CODE_SIGN_STYLE = Automatic;
				CURRENT_PROJECT_VERSION = 1;
				GENERATE_INFOPLIST_FILE = YES;
				MARKETING_VERSION = 1.0;
				PRODUCT_BUNDLE_IDENTIFIER = crystal.LifeUITests;
				PRODUCT_NAME = "$(TARGET_NAME)";
				SWIFT_EMIT_LOC_STRINGS = NO;
				SWIFT_VERSION = 5.0;
				TARGETED_DEVICE_FAMILY = "1,2";
				TEST_TARGET_NAME = Life;
			};
			name = Debug;
		};
		2A3B317A29562904003E3CB9 /* Release */ = {
			isa = XCBuildConfiguration;
			buildSettings = {
				ALWAYS_EMBED_SWIFT_STANDARD_LIBRARIES = YES;
				CODE_SIGN_STYLE = Automatic;
				CURRENT_PROJECT_VERSION = 1;
				GENERATE_INFOPLIST_FILE = YES;
				MARKETING_VERSION = 1.0;
				PRODUCT_BUNDLE_IDENTIFIER = crystal.LifeUITests;
				PRODUCT_NAME = "$(TARGET_NAME)";
				SWIFT_EMIT_LOC_STRINGS = NO;
				SWIFT_VERSION = 5.0;
				TARGETED_DEVICE_FAMILY = "1,2";
				TEST_TARGET_NAME = Life;
			};
			name = Release;
		};
/* End XCBuildConfiguration section */

/* Begin XCConfigurationList section */
		2A3B314929562903003E3CB9 /* Build configuration list for PBXProject "Life" */ = {
			isa = XCConfigurationList;
			buildConfigurations = (
				2A3B317029562904003E3CB9 /* Debug */,
				2A3B317129562904003E3CB9 /* Release */,
			);
			defaultConfigurationIsVisible = 0;
			defaultConfigurationName = Release;
		};
		2A3B317229562904003E3CB9 /* Build configuration list for PBXNativeTarget "Life" */ = {
			isa = XCConfigurationList;
			buildConfigurations = (
				2A3B317329562904003E3CB9 /* Debug */,
				2A3B317429562904003E3CB9 /* Release */,
			);
			defaultConfigurationIsVisible = 0;
			defaultConfigurationName = Release;
		};
		2A3B317529562904003E3CB9 /* Build configuration list for PBXNativeTarget "LifeTests" */ = {
			isa = XCConfigurationList;
			buildConfigurations = (
				2A3B317629562904003E3CB9 /* Debug */,
				2A3B317729562904003E3CB9 /* Release */,
			);
			defaultConfigurationIsVisible = 0;
			defaultConfigurationName = Release;
		};
		2A3B317829562904003E3CB9 /* Build configuration list for PBXNativeTarget "LifeUITests" */ = {
			isa = XCConfigurationList;
			buildConfigurations = (
				2A3B317929562904003E3CB9 /* Debug */,
				2A3B317A29562904003E3CB9 /* Release */,
			);
			defaultConfigurationIsVisible = 0;
			defaultConfigurationName = Release;
		};
/* End XCConfigurationList section */

/* Begin XCVersionGroup section */
		2A6F3BD82A2AC8CC00783656 /* Life.xcdatamodeld */ = {
			isa = XCVersionGroup;
			children = (
				2A6F3BD92A2AC8CC00783656 /* Life.xcdatamodel */,
			);
			currentVersion = 2A6F3BD92A2AC8CC00783656 /* Life.xcdatamodel */;
			path = Life.xcdatamodeld;
			sourceTree = SOURCE_ROOT;
			versionGroupType = wrapper.xcdatamodel;
		};
/* End XCVersionGroup section */
	};
	rootObject = 2A3B314629562903003E3CB9 /* Project object */;
}
